
Microsoft Visual Studio Solution File, Format Version 12.00
# Visual Studio Version 17
VisualStudioVersion = 17.11.35312.102
MinimumVisualStudioVersion = 10.0.40219.1
Project("{FAE04EC0-301F-11D3-BF4B-00C04F79EFBC}") = "Lab3_5Prog", "Lab3_5Prog.csproj", "{5A1F7783-9C0B-4C21-BD1B-DC8C1AF8ECBE}"
EndProject
Global
	GlobalSection(SolutionConfigurationPlatforms) = preSolution
		Debug|Any CPU = Debug|Any CPU
		Release|Any CPU = Release|Any CPU
	EndGlobalSection
	GlobalSection(ProjectConfigurationPlatforms) = postSolution
		{5A1F7783-9C0B-4C21-BD1B-DC8C1AF8ECBE}.Debug|Any CPU.ActiveCfg = Debug|Any CPU
		{5A1F7783-9C0B-4C21-BD1B-DC8C1AF8ECBE}.Debug|Any CPU.Build.0 = Debug|Any CPU
		{5A1F7783-9C0B-4C21-BD1B-DC8C1AF8ECBE}.Release|Any CPU.ActiveCfg = Release|Any CPU
		{5A1F7783-9C0B-4C21-BD1B-DC8C1AF8ECBE}.Release|Any CPU.Build.0 = Release|Any CPU
	EndGlobalSection
	GlobalSection(SolutionProperties) = preSolution
		HideSolutionNode = FALSE
	EndGlobalSection
	GlobalSection(ExtensibilityGlobals) = postSolution
		SolutionGuid = {67484C3A-DCBE-45B7-88B0-B2568B4CEDFD}
	EndGlobalSection
EndGlobal
